
Microsoft Visual Studio Solution File, Format Version 12.00
# Visual Studio 2013
VisualStudioVersion = 12.0.40629.0
MinimumVisualStudioVersion = 10.0.40219.1
Project("{9092AA53-FB77-4645-B42D-1CCCA6BD08BD}") = "inversions", "inversions\inversions.njsproj", "{328DB7F4-4B04-40F2-94C2-7A38B932F3DD}"
EndProject
Global
	GlobalSection(SolutionConfigurationPlatforms) = preSolution
		Debug|Any CPU = Debug|Any CPU
		Release|Any CPU = Release|Any CPU
	EndGlobalSection
	GlobalSection(ProjectConfigurationPlatforms) = postSolution
		{328DB7F4-4B04-40F2-94C2-7A38B932F3DD}.Debug|Any CPU.ActiveCfg = Debug|Any CPU
		{328DB7F4-4B04-40F2-94C2-7A38B932F3DD}.Debug|Any CPU.Build.0 = Debug|Any CPU
		{328DB7F4-4B04-40F2-94C2-7A38B932F3DD}.Release|Any CPU.ActiveCfg = Release|Any CPU
		{328DB7F4-4B04-40F2-94C2-7A38B932F3DD}.Release|Any CPU.Build.0 = Release|Any CPU
	EndGlobalSection
	GlobalSection(SolutionProperties) = preSolution
		HideSolutionNode = FALSE
	EndGlobalSection
EndGlobal
